# THIS IS AN AUTOGENERATED FILE. DO NOT EDIT THIS FILE DIRECTLY.
# yarn lockfile v1


"@ckeditor/ckeditor5-clipboard@^27.1.0":
  version "27.1.0"
  resolved "https://registry.yarnpkg.com/@ckeditor/ckeditor5-clipboard/-/ckeditor5-clipboard-27.1.0.tgz#d237319899aeb8916d2011c542313656b83d6eb5"
  integrity sha512-nJnJgv8Fuqol2cl6CkbSDwjCu3y8pTS5Y/KJnA/JnTG0QcZczdQTjMIFl3ZP2/53JR5QekATIKmp1wcUAP/L1A==
  dependencies:
    "@ckeditor/ckeditor5-core" "^27.1.0"
    "@ckeditor/ckeditor5-engine" "^27.1.0"
    "@ckeditor/ckeditor5-utils" "^27.1.0"
    "@ckeditor/ckeditor5-widget" "^27.1.0"
    lodash-es "^4.17.11"

"@ckeditor/ckeditor5-core@^27.1.0":
  version "27.1.0"
  resolved "https://registry.yarnpkg.com/@ckeditor/ckeditor5-core/-/ckeditor5-core-27.1.0.tgz#1c436fda93620e21800e11a074cecd25815a21b5"
  integrity sha512-4K30Qw2jYHMt6Yk4+Covi4b39XO3znM7/VPRh7mcq/MBbHxK4dTrX/UBWtsYrgFBg6KPteNKU03aT9GDMsbvBw==
  dependencies:
    "@ckeditor/ckeditor5-engine" "^27.1.0"
    "@ckeditor/ckeditor5-ui" "^27.1.0"
    "@ckeditor/ckeditor5-utils" "^27.1.0"
    lodash-es "^4.17.15"

"@ckeditor/ckeditor5-engine@^27.1.0":
  version "27.1.0"
  resolved "https://registry.yarnpkg.com/@ckeditor/ckeditor5-engine/-/ckeditor5-engine-27.1.0.tgz#35cf758a80845d013c2b5def7e3e68dea2ef32a2"
  integrity sha512-lGvIYexhhCTo5lZqf8EqS25hCpayPY/wQZXvnReFylB24aztUacOBYK2sgNOmwBnzKjpv90Y7GKEpdDL/8CDSg==
  dependencies:
    "@ckeditor/ckeditor5-utils" "^27.1.0"
    lodash-es "^4.17.15"

"@ckeditor/ckeditor5-enter@^27.1.0":
  version "27.1.0"
  resolved "https://registry.yarnpkg.com/@ckeditor/ckeditor5-enter/-/ckeditor5-enter-27.1.0.tgz#ba314b61f3ec6de6a93401458ee42380d93bbe0f"
  integrity sha512-vqldhUklSYQhpZDXyVJ9dEvl9zK0V8L5kPXicsONaICmnRO0uRD9Q2zIyv+R62sIrTvF3fTJvDCH4kjZog09lQ==
  dependencies:
    "@ckeditor/ckeditor5-core" "^27.1.0"
    "@ckeditor/ckeditor5-engine" "^27.1.0"
    "@ckeditor/ckeditor5-utils" "^27.1.0"

"@ckeditor/ckeditor5-language@27.1.0":
  version "27.1.0"
  resolved "https://registry.yarnpkg.com/@ckeditor/ckeditor5-language/-/ckeditor5-language-27.1.0.tgz#164815e6ed9c540fb69cd7e4f47019b2e2c89838"
  integrity sha512-s3S69cuF1n57M6yUHUZ4g/oDcw76i8mqHAnlGFU8iMxO9fyKh2485RIh0GTjvp5MMVmIb35xO4Lg0fqZu+TeTA==
  dependencies:
    ckeditor5 "^27.1.0"

"@ckeditor/ckeditor5-paragraph@^27.1.0":
  version "27.1.0"
  resolved "https://registry.yarnpkg.com/@ckeditor/ckeditor5-paragraph/-/ckeditor5-paragraph-27.1.0.tgz#9b465c0f04002ec157a9c9e5c2a42732fce4e5d8"
  integrity sha512-zNy+GzWgcf0Oo/AshtwDbfgwQ8UlR1rs3tQpSPyYU7/8FbrqrdVv6JUzUlsBqcMHi06O+RT4HT5yFEaOYYbUVg==
  dependencies:
    "@ckeditor/ckeditor5-core" "^27.1.0"
    "@ckeditor/ckeditor5-ui" "^27.1.0"
    "@ckeditor/ckeditor5-utils" "^27.1.0"

"@ckeditor/ckeditor5-select-all@^27.1.0":
  version "27.1.0"
  resolved "https://registry.yarnpkg.com/@ckeditor/ckeditor5-select-all/-/ckeditor5-select-all-27.1.0.tgz#32d96c8e9e40aef33ed086e91fa4b045f0cc9ec6"
  integrity sha512-vTFgOpKNOLmBYEaK6pA/7XFzUZ6jaXChLVk1PW5LpfadAZ01xlL8ZK3YF4ZIQSjKct6LJgCF3BqfKpWgHvnObw==
  dependencies:
    "@ckeditor/ckeditor5-core" "^27.1.0"
    "@ckeditor/ckeditor5-ui" "^27.1.0"
    "@ckeditor/ckeditor5-utils" "^27.1.0"

"@ckeditor/ckeditor5-typing@^27.1.0":
  version "27.1.0"
  resolved "https://registry.yarnpkg.com/@ckeditor/ckeditor5-typing/-/ckeditor5-typing-27.1.0.tgz#1929b72d5bfab2d0c3c2c69550d2cf9f1b0440ce"
  integrity sha512-MfwNEYaAuaz1kPyHwfT1gtRE4DwnjaYwRbW9EH53Dsu+eSTCAc/4A0z+VVJ4aBlRADkPeNAQ3ecK0kVJNb55yw==
  dependencies:
    "@ckeditor/ckeditor5-core" "^27.1.0"
    "@ckeditor/ckeditor5-engine" "^27.1.0"
    "@ckeditor/ckeditor5-utils" "^27.1.0"
    lodash-es "^4.17.15"

"@ckeditor/ckeditor5-ui@^27.1.0":
  version "27.1.0"
  resolved "https://registry.yarnpkg.com/@ckeditor/ckeditor5-ui/-/ckeditor5-ui-27.1.0.tgz#8506aa3075400c6c0edd745c64cfd15340382f82"
  integrity sha512-rGzGjgxSZjKFpkUB0MjpvYqQW9lZNVinBpBgOD/j0Q8OZ/HohLIJJBRaQbEKLJgIR0BXPNPQSC4NQt44Vc1YBw==
  dependencies:
    "@ckeditor/ckeditor5-utils" "^27.1.0"
    ckeditor5 "^27.1.0"
    lodash-es "^4.17.15"

"@ckeditor/ckeditor5-undo@^27.1.0":
  version "27.1.0"
  resolved "https://registry.yarnpkg.com/@ckeditor/ckeditor5-undo/-/ckeditor5-undo-27.1.0.tgz#1ccfba764e3be0a21c9e17882920f246e41072cb"
  integrity sha512-Z/iBrfcXgYOj5NBgqZqodvQ0tMhIqaErMamIX2DU0XCUbcWDomU+z5gHAHj6JzmX8C3cwpOhivOvgX2A+dUvAg==
  dependencies:
    "@ckeditor/ckeditor5-core" "^27.1.0"
    "@ckeditor/ckeditor5-engine" "^27.1.0"
    "@ckeditor/ckeditor5-ui" "^27.1.0"

"@ckeditor/ckeditor5-upload@^27.1.0":
  version "27.1.0"
  resolved "https://registry.yarnpkg.com/@ckeditor/ckeditor5-upload/-/ckeditor5-upload-27.1.0.tgz#bfb64f3c7551cba5ed21e1be11ed85e9b4902e83"
  integrity sha512-VYqvxl8zI9C2Lt3RFlqJv8li0p3yRCRpnyU1yRCzQCwihZMq4nK111C6IBAiUt7cdWPVPfP8vlPKzA2S0q1Tig==
  dependencies:
    "@ckeditor/ckeditor5-core" "^27.1.0"
    "@ckeditor/ckeditor5-ui" "^27.1.0"
    "@ckeditor/ckeditor5-utils" "^27.1.0"

"@ckeditor/ckeditor5-utils@^27.1.0":
  version "27.1.0"
  resolved "https://registry.yarnpkg.com/@ckeditor/ckeditor5-utils/-/ckeditor5-utils-27.1.0.tgz#55006f0b137db23d047c426d39933b3da18a93e0"
  integrity sha512-7hFK2jUmUJEcgYITr0YtXVf1/FZkOPgMG/wAkOfpd2EYZJ31szNXVFRiYucmxpdRYvqJ4F1YsQQcRITcMc5twg==
  dependencies:
    lodash-es "^4.17.15"

"@ckeditor/ckeditor5-widget@^27.1.0":
  version "27.1.0"
  resolved "https://registry.yarnpkg.com/@ckeditor/ckeditor5-widget/-/ckeditor5-widget-27.1.0.tgz#e463923579164e889f646623b65234e22332b028"
  integrity sha512-DpdwcWjXKHxoOZmFmc+2vIq8Nr4hA5140zxO3IIMrUiydcZJyOp2atHiPV7idBi5gR8ct+asQ3nW+cwVELQuhQ==
  dependencies:
    "@ckeditor/ckeditor5-core" "^27.1.0"
    "@ckeditor/ckeditor5-engine" "^27.1.0"
    "@ckeditor/ckeditor5-enter" "^27.1.0"
    "@ckeditor/ckeditor5-typing" "^27.1.0"
    "@ckeditor/ckeditor5-ui" "^27.1.0"
    "@ckeditor/ckeditor5-utils" "^27.1.0"
    lodash-es "^4.17.15"

"@esbuild/aix-ppc64@0.25.5":
  version "0.25.5"
  resolved "https://registry.yarnpkg.com/@esbuild/aix-ppc64/-/aix-ppc64-0.25.5.tgz#4e0f91776c2b340e75558f60552195f6fad09f18"
  integrity sha512-9o3TMmpmftaCMepOdA5k/yDw8SfInyzWWTjYTFCX3kPSDJMROQTb8jg+h9Cnwnmm1vOzvxN7gIfB5V2ewpjtGA==

"@esbuild/android-arm64@0.25.5":
  version "0.25.5"
  resolved "https://registry.yarnpkg.com/@esbuild/android-arm64/-/android-arm64-0.25.5.tgz#bc766407f1718923f6b8079c8c61bf86ac3a6a4f"
  integrity sha512-VGzGhj4lJO+TVGV1v8ntCZWJktV7SGCs3Pn1GRWI1SBFtRALoomm8k5E9Pmwg3HOAal2VDc2F9+PM/rEY6oIDg==

"@esbuild/android-arm@0.25.5":
  version "0.25.5"
  resolved "https://registry.yarnpkg.com/@esbuild/android-arm/-/android-arm-0.25.5.tgz#4290d6d3407bae3883ad2cded1081a234473ce26"
  integrity sha512-AdJKSPeEHgi7/ZhuIPtcQKr5RQdo6OO2IL87JkianiMYMPbCtot9fxPbrMiBADOWWm3T2si9stAiVsGbTQFkbA==

"@esbuild/android-x64@0.25.5":
  version "0.25.5"
  resolved "https://registry.yarnpkg.com/@esbuild/android-x64/-/android-x64-0.25.5.tgz#40c11d9cbca4f2406548c8a9895d321bc3b35eff"
  integrity sha512-D2GyJT1kjvO//drbRT3Hib9XPwQeWd9vZoBJn+bu/lVsOZ13cqNdDeqIF/xQ5/VmWvMduP6AmXvylO/PIc2isw==

"@esbuild/darwin-arm64@0.25.5":
  version "0.25.5"
  resolved "https://registry.yarnpkg.com/@esbuild/darwin-arm64/-/darwin-arm64-0.25.5.tgz#49d8bf8b1df95f759ac81eb1d0736018006d7e34"
  integrity sha512-GtaBgammVvdF7aPIgH2jxMDdivezgFu6iKpmT+48+F8Hhg5J/sfnDieg0aeG/jfSvkYQU2/pceFPDKlqZzwnfQ==

"@esbuild/darwin-x64@0.25.5":
  version "0.25.5"
  resolved "https://registry.yarnpkg.com/@esbuild/darwin-x64/-/darwin-x64-0.25.5.tgz#e27a5d92a14886ef1d492fd50fc61a2d4d87e418"
  integrity sha512-1iT4FVL0dJ76/q1wd7XDsXrSW+oLoquptvh4CLR4kITDtqi2e/xwXwdCVH8hVHU43wgJdsq7Gxuzcs6Iq/7bxQ==

"@esbuild/freebsd-arm64@0.25.5":
  version "0.25.5"
  resolved "https://registry.yarnpkg.com/@esbuild/freebsd-arm64/-/freebsd-arm64-0.25.5.tgz#97cede59d638840ca104e605cdb9f1b118ba0b1c"
  integrity sha512-nk4tGP3JThz4La38Uy/gzyXtpkPW8zSAmoUhK9xKKXdBCzKODMc2adkB2+8om9BDYugz+uGV7sLmpTYzvmz6Sw==

"@esbuild/freebsd-x64@0.25.5":
  version "0.25.5"
  resolved "https://registry.yarnpkg.com/@esbuild/freebsd-x64/-/freebsd-x64-0.25.5.tgz#71c77812042a1a8190c3d581e140d15b876b9c6f"
  integrity sha512-PrikaNjiXdR2laW6OIjlbeuCPrPaAl0IwPIaRv+SMV8CiM8i2LqVUHFC1+8eORgWyY7yhQY+2U2fA55mBzReaw==

"@esbuild/linux-arm64@0.25.5":
  version "0.25.5"
  resolved "https://registry.yarnpkg.com/@esbuild/linux-arm64/-/linux-arm64-0.25.5.tgz#f7b7c8f97eff8ffd2e47f6c67eb5c9765f2181b8"
  integrity sha512-Z9kfb1v6ZlGbWj8EJk9T6czVEjjq2ntSYLY2cw6pAZl4oKtfgQuS4HOq41M/BcoLPzrUbNd+R4BXFyH//nHxVg==

"@esbuild/linux-arm@0.25.5":
  version "0.25.5"
  resolved "https://registry.yarnpkg.com/@esbuild/linux-arm/-/linux-arm-0.25.5.tgz#2a0be71b6cd8201fa559aea45598dffabc05d911"
  integrity sha512-cPzojwW2okgh7ZlRpcBEtsX7WBuqbLrNXqLU89GxWbNt6uIg78ET82qifUy3W6OVww6ZWobWub5oqZOVtwolfw==

"@esbuild/linux-ia32@0.25.5":
  version "0.25.5"
  resolved "https://registry.yarnpkg.com/@esbuild/linux-ia32/-/linux-ia32-0.25.5.tgz#763414463cd9ea6fa1f96555d2762f9f84c61783"
  integrity sha512-sQ7l00M8bSv36GLV95BVAdhJ2QsIbCuCjh/uYrWiMQSUuV+LpXwIqhgJDcvMTj+VsQmqAHL2yYaasENvJ7CDKA==

"@esbuild/linux-loong64@0.25.5":
  version "0.25.5"
  resolved "https://registry.yarnpkg.com/@esbuild/linux-loong64/-/linux-loong64-0.25.5.tgz#428cf2213ff786a502a52c96cf29d1fcf1eb8506"
  integrity sha512-0ur7ae16hDUC4OL5iEnDb0tZHDxYmuQyhKhsPBV8f99f6Z9KQM02g33f93rNH5A30agMS46u2HP6qTdEt6Q1kg==

"@esbuild/linux-mips64el@0.25.5":
  version "0.25.5"
  resolved "https://registry.yarnpkg.com/@esbuild/linux-mips64el/-/linux-mips64el-0.25.5.tgz#5cbcc7fd841b4cd53358afd33527cd394e325d96"
  integrity sha512-kB/66P1OsHO5zLz0i6X0RxlQ+3cu0mkxS3TKFvkb5lin6uwZ/ttOkP3Z8lfR9mJOBk14ZwZ9182SIIWFGNmqmg==

"@esbuild/linux-ppc64@0.25.5":
  version "0.25.5"
  resolved "https://registry.yarnpkg.com/@esbuild/linux-ppc64/-/linux-ppc64-0.25.5.tgz#0d954ab39ce4f5e50f00c4f8c4fd38f976c13ad9"
  integrity sha512-UZCmJ7r9X2fe2D6jBmkLBMQetXPXIsZjQJCjgwpVDz+YMcS6oFR27alkgGv3Oqkv07bxdvw7fyB71/olceJhkQ==

"@esbuild/linux-riscv64@0.25.5":
  version "0.25.5"
  resolved "https://registry.yarnpkg.com/@esbuild/linux-riscv64/-/linux-riscv64-0.25.5.tgz#0e7dd30730505abd8088321e8497e94b547bfb1e"
  integrity sha512-kTxwu4mLyeOlsVIFPfQo+fQJAV9mh24xL+y+Bm6ej067sYANjyEw1dNHmvoqxJUCMnkBdKpvOn0Ahql6+4VyeA==

"@esbuild/linux-s390x@0.25.5":
  version "0.25.5"
  resolved "https://registry.yarnpkg.com/@esbuild/linux-s390x/-/linux-s390x-0.25.5.tgz#5669af81327a398a336d7e40e320b5bbd6e6e72d"
  integrity sha512-K2dSKTKfmdh78uJ3NcWFiqyRrimfdinS5ErLSn3vluHNeHVnBAFWC8a4X5N+7FgVE1EjXS1QDZbpqZBjfrqMTQ==

"@esbuild/linux-x64@0.25.5":
  version "0.25.5"
  resolved "https://registry.yarnpkg.com/@esbuild/linux-x64/-/linux-x64-0.25.5.tgz#b2357dd153aa49038967ddc1ffd90c68a9d2a0d4"
  integrity sha512-uhj8N2obKTE6pSZ+aMUbqq+1nXxNjZIIjCjGLfsWvVpy7gKCOL6rsY1MhRh9zLtUtAI7vpgLMK6DxjO8Qm9lJw==

"@esbuild/netbsd-arm64@0.25.5":
  version "0.25.5"
  resolved "https://registry.yarnpkg.com/@esbuild/netbsd-arm64/-/netbsd-arm64-0.25.5.tgz#53b4dfb8fe1cee93777c9e366893bd3daa6ba63d"
  integrity sha512-pwHtMP9viAy1oHPvgxtOv+OkduK5ugofNTVDilIzBLpoWAM16r7b/mxBvfpuQDpRQFMfuVr5aLcn4yveGvBZvw==

"@esbuild/netbsd-x64@0.25.5":
  version "0.25.5"
  resolved "https://registry.yarnpkg.com/@esbuild/netbsd-x64/-/netbsd-x64-0.25.5.tgz#a0206f6314ce7dc8713b7732703d0f58de1d1e79"
  integrity sha512-WOb5fKrvVTRMfWFNCroYWWklbnXH0Q5rZppjq0vQIdlsQKuw6mdSihwSo4RV/YdQ5UCKKvBy7/0ZZYLBZKIbwQ==

"@esbuild/openbsd-arm64@0.25.5":
  version "0.25.5"
  resolved "https://registry.yarnpkg.com/@esbuild/openbsd-arm64/-/openbsd-arm64-0.25.5.tgz#2a796c87c44e8de78001d808c77d948a21ec22fd"
  integrity sha512-7A208+uQKgTxHd0G0uqZO8UjK2R0DDb4fDmERtARjSHWxqMTye4Erz4zZafx7Di9Cv+lNHYuncAkiGFySoD+Mw==

"@esbuild/openbsd-x64@0.25.5":
  version "0.25.5"
  resolved "https://registry.yarnpkg.com/@esbuild/openbsd-x64/-/openbsd-x64-0.25.5.tgz#28d0cd8909b7fa3953af998f2b2ed34f576728f0"
  integrity sha512-G4hE405ErTWraiZ8UiSoesH8DaCsMm0Cay4fsFWOOUcz8b8rC6uCvnagr+gnioEjWn0wC+o1/TAHt+It+MpIMg==

"@esbuild/sunos-x64@0.25.5":
  version "0.25.5"
  resolved "https://registry.yarnpkg.com/@esbuild/sunos-x64/-/sunos-x64-0.25.5.tgz#a28164f5b997e8247d407e36c90d3fd5ddbe0dc5"
  integrity sha512-l+azKShMy7FxzY0Rj4RCt5VD/q8mG/e+mDivgspo+yL8zW7qEwctQ6YqKX34DTEleFAvCIUviCFX1SDZRSyMQA==

"@esbuild/win32-arm64@0.25.5":
  version "0.25.5"
  resolved "https://registry.yarnpkg.com/@esbuild/win32-arm64/-/win32-arm64-0.25.5.tgz#6eadbead38e8bd12f633a5190e45eff80e24007e"
  integrity sha512-O2S7SNZzdcFG7eFKgvwUEZ2VG9D/sn/eIiz8XRZ1Q/DO5a3s76Xv0mdBzVM5j5R639lXQmPmSo0iRpHqUUrsxw==

"@esbuild/win32-ia32@0.25.5":
  version "0.25.5"
  resolved "https://registry.yarnpkg.com/@esbuild/win32-ia32/-/win32-ia32-0.25.5.tgz#bab6288005482f9ed2adb9ded7e88eba9a62cc0d"
  integrity sha512-onOJ02pqs9h1iMJ1PQphR+VZv8qBMQ77Klcsqv9CNW2w6yLqoURLcgERAIurY6QE63bbLuqgP9ATqajFLK5AMQ==

"@esbuild/win32-x64@0.25.5":
  version "0.25.5"
  resolved "https://registry.yarnpkg.com/@esbuild/win32-x64/-/win32-x64-0.25.5.tgz#7fc114af5f6563f19f73324b5d5ff36ece0803d1"
  integrity sha512-TXv6YnJ8ZMVdX+SXWVBo/0p8LTcrUYngpWjvm91TMjjBQii7Oz11Lw5lbDV5Y0TzuhSJHwiH4hEtC1I42mMS0g==

"@neos-project/neos-ui-extensibility@~8.3.0":
  version "8.3.14"
  resolved "https://registry.yarnpkg.com/@neos-project/neos-ui-extensibility/-/neos-ui-extensibility-8.3.14.tgz#8915dade2653f95dcac23b21ab9db7f49f3ed243"
  integrity sha512-bFyCqvUPPl7vZRa8MBZg5TOgBckZ5j273AUL1qp1iWn9FWj0N0YkhahzTXO8H1CClaZUqc2ors6lam+AVspVDg==
  dependencies:
    "@neos-project/positional-array-sorter" "8.3.14"

"@neos-project/positional-array-sorter@8.3.14":
  version "8.3.14"
  resolved "https://registry.yarnpkg.com/@neos-project/positional-array-sorter/-/positional-array-sorter-8.3.14.tgz#7d9fb180057edeb99b1a5aa595265aaac0945c7c"
  integrity sha512-4HhC/ghjb5gj2pCM59E2XhJkfItzUp8vMq8QGvjTzK6y1EiETDAqj1bgKYjsMlt45i9+kFzFrt+znaaOYJwtKA==

"@types/json-schema@^7.0.6":
  version "7.0.7"
  resolved "https://registry.yarnpkg.com/@types/json-schema/-/json-schema-7.0.7.tgz#98a993516c859eb0d5c4c8f098317a9ea68db9ad"
  integrity sha512-cxWFQVseBm6O9Gbw1IWb8r6OS4OhSt3hPZLkFApLjM8TEXROBuQGLAH2i2gZpcXdLBIrpXuTDhH7Vbm1iXmNGA==

ajv-keywords@^3.5.2:
  version "3.5.2"
  resolved "https://registry.yarnpkg.com/ajv-keywords/-/ajv-keywords-3.5.2.tgz#31f29da5ab6e00d1c2d329acf7b5929614d5014d"
  integrity sha512-5p6WTN0DdTGVQk6VjcEju19IgaHudalcfabD7yhDGeA6bcQnmL+CpveLJq/3hvfwd1aof6L386Ougkx6RfyMIQ==

ajv@^6.12.5:
  version "6.12.6"
  resolved "https://registry.yarnpkg.com/ajv/-/ajv-6.12.6.tgz#baf5a62e802b07d977034586f8c3baf5adf26df4"
  integrity sha512-j3fVLgvTo527anyYyJOGTYJbG+vnnQYvE0m5mmkc1TK+nxAppkCLMIL0aZ4dblVCNoGShhm+kzE4ZUykBoMg4g==
  dependencies:
    fast-deep-equal "^3.1.1"
    fast-json-stable-stringify "^2.0.0"
    json-schema-traverse "^0.4.1"
    uri-js "^4.2.2"

big.js@^5.2.2:
  version "5.2.2"
  resolved "https://registry.yarnpkg.com/big.js/-/big.js-5.2.2.tgz#65f0af382f578bcdc742bd9c281e9cb2d7768328"
  integrity sha512-vyL2OymJxmarO8gxMr0mhChsO9QGwhynfuu4+MHTAW6czfq9humCB7rKpUjDd9YUiDPU4mzpyupFSvOClAwbmQ==

ckeditor5@^27.1.0:
  version "27.1.0"
  resolved "https://registry.yarnpkg.com/ckeditor5/-/ckeditor5-27.1.0.tgz#9a5ceea2ba2582b0e11f0f95f6956ff1ddfc118d"
  integrity sha512-XBoMqrML4mmQozSBXgZfFUBJPN3ErTls0wQhP8YkOiglhNXSBaLIE07QKcB0/H/lA2luqxijJGSXw7sr5SWE1A==
  dependencies:
    "@ckeditor/ckeditor5-clipboard" "^27.1.0"
    "@ckeditor/ckeditor5-core" "^27.1.0"
    "@ckeditor/ckeditor5-engine" "^27.1.0"
    "@ckeditor/ckeditor5-enter" "^27.1.0"
    "@ckeditor/ckeditor5-paragraph" "^27.1.0"
    "@ckeditor/ckeditor5-select-all" "^27.1.0"
    "@ckeditor/ckeditor5-typing" "^27.1.0"
    "@ckeditor/ckeditor5-ui" "^27.1.0"
    "@ckeditor/ckeditor5-undo" "^27.1.0"
    "@ckeditor/ckeditor5-upload" "^27.1.0"
    "@ckeditor/ckeditor5-utils" "^27.1.0"
    "@ckeditor/ckeditor5-widget" "^27.1.0"

emojis-list@^3.0.0:
  version "3.0.0"
  resolved "https://registry.yarnpkg.com/emojis-list/-/emojis-list-3.0.0.tgz#5570662046ad29e2e916e71aae260abdff4f6a78"
  integrity sha512-/kyM18EfinwXZbno9FyUGeFh87KC8HRQBQGildHZbEuRyWFOmv1U10o9BBp8XVZDVNNuQKyIGIu5ZYAAXJ0V2Q==

esbuild@^0.25.5:
  version "0.25.5"
  resolved "https://registry.yarnpkg.com/esbuild/-/esbuild-0.25.5.tgz#71075054993fdfae76c66586f9b9c1f8d7edd430"
  integrity sha512-P8OtKZRv/5J5hhz0cUAdu/cLuPIKXpQl1R9pZtvmHWQvrAUVd0UNIPT4IB4W3rNOqVO0rlqHmCIbSwxh/c9yUQ==
  optionalDependencies:
    "@esbuild/aix-ppc64" "0.25.5"
    "@esbuild/android-arm" "0.25.5"
    "@esbuild/android-arm64" "0.25.5"
    "@esbuild/android-x64" "0.25.5"
    "@esbuild/darwin-arm64" "0.25.5"
    "@esbuild/darwin-x64" "0.25.5"
    "@esbuild/freebsd-arm64" "0.25.5"
    "@esbuild/freebsd-x64" "0.25.5"
    "@esbuild/linux-arm" "0.25.5"
    "@esbuild/linux-arm64" "0.25.5"
    "@esbuild/linux-ia32" "0.25.5"
    "@esbuild/linux-loong64" "0.25.5"
    "@esbuild/linux-mips64el" "0.25.5"
    "@esbuild/linux-ppc64" "0.25.5"
    "@esbuild/linux-riscv64" "0.25.5"
    "@esbuild/linux-s390x" "0.25.5"
    "@esbuild/linux-x64" "0.25.5"
    "@esbuild/netbsd-arm64" "0.25.5"
    "@esbuild/netbsd-x64" "0.25.5"
    "@esbuild/openbsd-arm64" "0.25.5"
    "@esbuild/openbsd-x64" "0.25.5"
    "@esbuild/sunos-x64" "0.25.5"
    "@esbuild/win32-arm64" "0.25.5"
    "@esbuild/win32-ia32" "0.25.5"
    "@esbuild/win32-x64" "0.25.5"

fast-deep-equal@^3.1.1:
  version "3.1.3"
  resolved "https://registry.yarnpkg.com/fast-deep-equal/-/fast-deep-equal-3.1.3.tgz#3a7d56b559d6cbc3eb512325244e619a65c6c525"
  integrity sha512-f3qQ9oQy9j2AhBe/H9VC91wLmKBCCU/gDOnKNAYG5hswO7BLKj09Hc5HYNz9cGI++xlpDCIgDaitVs03ATR84Q==

fast-json-stable-stringify@^2.0.0:
  version "2.1.0"
  resolved "https://registry.yarnpkg.com/fast-json-stable-stringify/-/fast-json-stable-stringify-2.1.0.tgz#874bf69c6f404c2b5d99c481341399fd55892633"
  integrity sha512-lhd/wF+Lk98HZoTCtlVraHtfh5XYijIjalXck7saUtuanSDyLMxnHhSXEDJqHxD7msR8D0uCmqlkwjCV8xvwHw==

json-schema-traverse@^0.4.1:
  version "0.4.1"
  resolved "https://registry.yarnpkg.com/json-schema-traverse/-/json-schema-traverse-0.4.1.tgz#69f6a87d9513ab8bb8fe63bdb0979c448e684660"
  integrity sha512-xbbCH5dCYU5T8LcEhhuh7HJ88HXuW3qsI3Y0zOZFKfZEHcpWiHU/Jxzk629Brsab/mMiHQti9wMP+845RPe3Vg==

json5@^2.1.2:
  version "2.2.0"
  resolved "https://registry.yarnpkg.com/json5/-/json5-2.2.0.tgz#2dfefe720c6ba525d9ebd909950f0515316c89a3"
  integrity sha512-f+8cldu7X/y7RAJurMEJmdoKXGB/X550w2Nr3tTbezL6RwEE/iMcm+tZnXeoZtKuOq6ft8+CqzEkrIgx1fPoQA==
  dependencies:
    minimist "^1.2.5"

loader-utils@^2.0.0:
  version "2.0.0"
  resolved "https://registry.yarnpkg.com/loader-utils/-/loader-utils-2.0.0.tgz#e4cace5b816d425a166b5f097e10cd12b36064b0"
  integrity sha512-rP4F0h2RaWSvPEkD7BLDFQnvSf+nK+wr3ESUjNTyAGobqrijmW92zc+SO6d4p4B1wh7+B/Jg1mkQe5NYUEHtHQ==
  dependencies:
    big.js "^5.2.2"
    emojis-list "^3.0.0"
    json5 "^2.1.2"

lodash-es@^4.17.11, lodash-es@^4.17.15:
  version "4.17.21"
  resolved "https://registry.yarnpkg.com/lodash-es/-/lodash-es-4.17.21.tgz#43e626c46e6591b7750beb2b50117390c609e3ee"
  integrity sha512-mKnC+QJ9pWVzv+C4/U3rRsHapFfHvQFoFB92e52xeyGMcX6/OlIl78je1u8vePzYZSkkogMPJ2yjxxsb89cxyw==

minimist@^1.2.5:
  version "1.2.5"
  resolved "https://registry.yarnpkg.com/minimist/-/minimist-1.2.5.tgz#67d66014b66a6a8aaa0c083c5fd58df4e4e97602"
  integrity sha512-FM9nNUYrRBAELZQT3xeZQ7fmMOBg6nWNmJKTcgsJeaLstP/UODVpGsr5OhXhhXg6f+qtJ8uiZ+PUxkDWcgIXLw==

null-loader@^4.0.1:
  version "4.0.1"
  resolved "https://registry.yarnpkg.com/null-loader/-/null-loader-4.0.1.tgz#8e63bd3a2dd3c64236a4679428632edd0a6dbc6a"
  integrity sha512-pxqVbi4U6N26lq+LmgIbB5XATP0VdZKOG25DhHi8btMmJJefGArFyDg1yc4U3hWCJbMqSrw0qyrz1UQX+qYXqg==
  dependencies:
    loader-utils "^2.0.0"
    schema-utils "^3.0.0"

punycode@^2.1.0:
  version "2.1.1"
  resolved "https://registry.yarnpkg.com/punycode/-/punycode-2.1.1.tgz#b58b010ac40c22c5657616c8d2c2c02c7bf479ec"
  integrity sha512-XRsRjdf+j5ml+y/6GKHPZbrF/8p2Yga0JPtdqTIY2Xe5ohJPD9saDJJLPvp9+NSBprVvevdXZybnj2cv8OEd0A==

raw-loader@^4.0.2:
  version "4.0.2"
  resolved "https://registry.yarnpkg.com/raw-loader/-/raw-loader-4.0.2.tgz#1aac6b7d1ad1501e66efdac1522c73e59a584eb6"
  integrity sha512-ZnScIV3ag9A4wPX/ZayxL/jZH+euYb6FcUinPcgiQW0+UBtEv0O6Q3lGd3cqJ+GHH+rksEv3Pj99oxJ3u3VIKA==
  dependencies:
    loader-utils "^2.0.0"
    schema-utils "^3.0.0"

schema-utils@^3.0.0:
  version "3.0.0"
  resolved "https://registry.yarnpkg.com/schema-utils/-/schema-utils-3.0.0.tgz#67502f6aa2b66a2d4032b4279a2944978a0913ef"
  integrity sha512-6D82/xSzO094ajanoOSbe4YvXWMfn2A//8Y1+MUqFAJul5Bs+yn36xbK9OtNDcRVSBJ9jjeoXftM6CfztsjOAA==
  dependencies:
    "@types/json-schema" "^7.0.6"
    ajv "^6.12.5"
    ajv-keywords "^3.5.2"

uri-js@^4.2.2:
  version "4.4.1"
  resolved "https://registry.yarnpkg.com/uri-js/-/uri-js-4.4.1.tgz#9b1a52595225859e55f669d928f88c6c57f2a77e"
  integrity sha512-7rKUyy33Q1yc98pQ1DAmLtwX109F7TIfWlW1Ydo8Wl1ii1SeHieeh0HHfPeL2fMXK6z0s8ecKs9frCuLJvndBg==
  dependencies:
    punycode "^2.1.0"
